Microsoft Visual Studio Solution File, Format Version 11.00
# Visual Studio 2008

Project("{49A4934E-DB96-AD42-FA41-CE67D4C47D55}") = "SCP - Revision", "Assembly-CSharp-firstpass.csproj", "{C1441518-0ADD-FBCA-8806-64F85E67DD52}"
EndProject
Project("{49A4934E-DB96-AD42-FA41-CE67D4C47D55}") = "SCP - Revision", "Assembly-CSharp.csproj", "{78C725C7-D1DD-B1DF-24C0-0A871812FC11}"
EndProject
Project("{49A4934E-DB96-AD42-FA41-CE67D4C47D55}") = "SCP - Revision", "Assembly-UnityScript-firstpass.unityproj", "{377D300A-A76D-5C7A-5B75-95E4DEEEA815}"
EndProject
Global
	GlobalSection(SolutionConfigurationPlatforms) = preSolution
		Debug|Any CPU = Debug|Any CPU
		Release|Any CPU = Release|Any CPU
	EndGlobalSection
	GlobalSection(ProjectConfigurationPlatforms) = postSolution
		{C1441518-0ADD-FBCA-8806-64F85E67DD52}.Debug|Any CPU.ActiveCfg = Debug|Any CPU
		{C1441518-0ADD-FBCA-8806-64F85E67DD52}.Debug|Any CPU.Build.0 = Debug|Any CPU
		{C1441518-0ADD-FBCA-8806-64F85E67DD52}.Release|Any CPU.ActiveCfg = Release|Any CPU
		{C1441518-0ADD-FBCA-8806-64F85E67DD52}.Release|Any CPU.Build.0 = Release|Any CPU
		{78C725C7-D1DD-B1DF-24C0-0A871812FC11}.Debug|Any CPU.ActiveCfg = Debug|Any CPU
		{78C725C7-D1DD-B1DF-24C0-0A871812FC11}.Debug|Any CPU.Build.0 = Debug|Any CPU
		{78C725C7-D1DD-B1DF-24C0-0A871812FC11}.Release|Any CPU.ActiveCfg = Release|Any CPU
		{78C725C7-D1DD-B1DF-24C0-0A871812FC11}.Release|Any CPU.Build.0 = Release|Any CPU
		{377D300A-A76D-5C7A-5B75-95E4DEEEA815}.Debug|Any CPU.ActiveCfg = Debug|Any CPU
		{377D300A-A76D-5C7A-5B75-95E4DEEEA815}.Debug|Any CPU.Build.0 = Debug|Any CPU
		{377D300A-A76D-5C7A-5B75-95E4DEEEA815}.Release|Any CPU.ActiveCfg = Release|Any CPU
		{377D300A-A76D-5C7A-5B75-95E4DEEEA815}.Release|Any CPU.Build.0 = Release|Any CPU
	EndGlobalSection
	GlobalSection(SolutionProperties) = preSolution
		HideSolutionNode = FALSE
	EndGlobalSection
																																																																																						GlobalSection(MonoDevelopProperties) = preSolution
		StartupItem = Assembly-CSharp.csproj
		Policies = $0
		$0.TextStylePolicy = $1
		$1.inheritsSet = null
		$1.scope = text/x-csharp
		$0.CSharpFormattingPolicy = $2
		$2.inheritsSet = Mono
		$2.inheritsScope = text/x-csharp
		$2.scope = text/x-csharp
		$0.TextStylePolicy = $3
		$3.FileWidth = 120
		$3.TabWidth = 4
		$3.EolMarker = Unix
		$3.inheritsSet = Mono
		$3.inheritsScope = text/plain
		$3.scope = text/plain
	EndGlobalSection

EndGlobal
